
Microsoft Visual Studio Solution File, Format Version 12.00
# Visual Studio Version 17
VisualStudioVersion = 17.0.32126.317
MinimumVisualStudioVersion = 10.0.40219.1
Project("{FAE04EC0-301F-11D3-BF4B-00C04F79EFBC}") = "suma,", "suma,.csproj", "{EA2E5DFE-B7C4-4556-A20A-682BEC9EF952}"
EndProject
Global
	GlobalSection(SolutionConfigurationPlatforms) = preSolution
		Debug|Any CPU = Debug|Any CPU
		Release|Any CPU = Release|Any CPU
	EndGlobalSection
	GlobalSection(ProjectConfigurationPlatforms) = postSolution
		{EA2E5DFE-B7C4-4556-A20A-682BEC9EF952}.Debug|Any CPU.ActiveCfg = Debug|Any CPU
		{EA2E5DFE-B7C4-4556-A20A-682BEC9EF952}.Debug|Any CPU.Build.0 = Debug|Any CPU
		{EA2E5DFE-B7C4-4556-A20A-682BEC9EF952}.Release|Any CPU.ActiveCfg = Release|Any CPU
		{EA2E5DFE-B7C4-4556-A20A-682BEC9EF952}.Release|Any CPU.Build.0 = Release|Any CPU
	EndGlobalSection
	GlobalSection(SolutionProperties) = preSolution
		HideSolutionNode = FALSE
	EndGlobalSection
	GlobalSection(ExtensibilityGlobals) = postSolution
		SolutionGuid = {A97A8FED-D445-47ED-8777-BEFAFFD87847}
	EndGlobalSection
EndGlobal
